{
  "name": "lucas-cli-test",
  "version": "1.2.9",
  "lockfileVersion": 2,
  "requires": true,
  "packages": {
    "": {
      "name": "lucas-cli-test",
      "version": "1.2.9",
      "license": "ISC",
      "bin": {
        "clitest": "init.js",
        "lucas-cli-test": "init.js"
      }
    }
  }
}
